// !$*UTF8*$!
{
	archiveVersion = 1;
	classes = {
	};
	objectVersion = 50;
	objects = {

/* Begin PBXBuildFile section */
		B5F80702216AE8EB00F90850 /* main.m in Sources */ = {isa = PBXBuildFile; fileRef = B5F80701216AE8EB00F90850 /* main.m */; };
/* End PBXBuildFile section */

/* Begin PBXCopyFilesBuildPhase section */
		B5F806FC216AE8EB00F90850 /* CopyFiles */ = {
			isa = PBXCopyFilesBuildPhase;
			buildActionMask = 2147483647;
			dstPath = /usr/share/man/man1/;
			dstSubfolderSpec = 0;
			files = (
			);
			runOnlyForDeploymentPostprocessing = 1;
		};
/* End PBXCopyFilesBuildPhase section */

/* Begin PBXFileReference section */
		B5F806FE216AE8EB00F90850 /* 自定义代码块 */ = {isa = PBXFileReference; explicitFileType = "compiled.mach-o.executable"; includeInIndex = 0; path = "自定义代码块"; sourceTree = BUILT_PRODUCTS_DIR; };
		B5F80701216AE8EB00F90850 /* main.m */ = {isa = PBXFileReference; lastKnownFileType = sourcecode.c.objc; path = main.m; sourceTree = "<group>"; };
		B5F80708216AE9AB00F90850 /* 9CB9E649-C122-4779-BD1B-CA75356E7653.codesnippet */ = {isa = PBXFileReference; fileEncoding = 4; lastKnownFileType = text.xml; path = "9CB9E649-C122-4779-BD1B-CA75356E7653.codesnippet"; sourceTree = "<group>"; };
		B5F80709216AE9AB00F90850 /* 0282BD47-05B3-466D-B7E6-4543F33E83A5.codesnippet */ = {isa = PBXFileReference; fileEncoding = 4; lastKnownFileType = text.xml; path = "0282BD47-05B3-466D-B7E6-4543F33E83A5.codesnippet"; sourceTree = "<group>"; };
		B5F8070A216AE9AB00F90850 /* C8C23172-F9CB-4EF4-8B38-7BC8ED00887A.codesnippet */ = {isa = PBXFileReference; fileEncoding = 4; lastKnownFileType = text.xml; path = "C8C23172-F9CB-4EF4-8B38-7BC8ED00887A.codesnippet"; sourceTree = "<group>"; };
		B5F8070B216AE9AB00F90850 /* 6279005B-72B2-472E-A699-866024AD6DEE.codesnippet */ = {isa = PBXFileReference; fileEncoding = 4; lastKnownFileType = text.xml; path = "6279005B-72B2-472E-A699-866024AD6DEE.codesnippet"; sourceTree = "<group>"; };
		B5F8070C216AE9AB00F90850 /* 809C85AA-A69D-48C5-89BA-7333791E76D1.codesnippet */ = {isa = PBXFileReference; fileEncoding = 4; lastKnownFileType = text.xml; path = "809C85AA-A69D-48C5-89BA-7333791E76D1.codesnippet"; sourceTree = "<group>"; };
/* End PBXFileReference section */

/* Begin PBXFrameworksBuildPhase section */
		B5F806FB216AE8EB00F90850 /* Frameworks */ = {
			isa = PBXFrameworksBuildPhase;
			buildActionMask = 2147483647;
			files = (
			);
			runOnlyForDeploymentPostprocessing = 0;
		};
/* End PBXFrameworksBuildPhase section */

/* Begin PBXGroup section */
		B5F806F5216AE8EB00F90850 = {
			isa = PBXGroup;
			children = (
				B5F80700216AE8EB00F90850 /* 自定义代码块 */,
				B5F806FF216AE8EB00F90850 /* Products */,
			);
			sourceTree = "<group>";
		};
		B5F806FF216AE8EB00F90850 /* Products */ = {
			isa = PBXGroup;
			children = (
				B5F806FE216AE8EB00F90850 /* 自定义代码块 */,
			);
			name = Products;
			sourceTree = "<group>";
		};
		B5F80700216AE8EB00F90850 /* 自定义代码块 */ = {
			isa = PBXGroup;
			children = (
				B5F80701216AE8EB00F90850 /* main.m */,
				B5F80708216AE9AB00F90850 /* 9CB9E649-C122-4779-BD1B-CA75356E7653.codesnippet */,
				B5F80709216AE9AB00F90850 /* 0282BD47-05B3-466D-B7E6-4543F33E83A5.codesnippet */,
				B5F8070C216AE9AB00F90850 /* 809C85AA-A69D-48C5-89BA-7333791E76D1.codesnippet */,
				B5F8070B216AE9AB00F90850 /* 6279005B-72B2-472E-A699-866024AD6DEE.codesnippet */,
				B5F8070A216AE9AB00F90850 /* C8C23172-F9CB-4EF4-8B38-7BC8ED00887A.codesnippet */,
			);
			path = "自定义代码块";
			sourceTree = "<group>";
		};
/* End PBXGroup section */

/* Begin PBXNativeTarget section */
		B5F806FD216AE8EB00F90850 /* 自定义代码块 */ = {
			isa = PBXNativeTarget;
			buildConfigurationList = B5F80705216AE8EB00F90850 /* Build configuration list for PBXNativeTarget "自定义代码块" */;
			buildPhases = (
				B5F806FA216AE8EB00F90850 /* Sources */,
				B5F806FB216AE8EB00F90850 /* Frameworks */,
				B5F806FC216AE8EB00F90850 /* CopyFiles */,
			);
			buildRules = (
			);
			dependencies = (
			);
			name = "自定义代码块";
			productName = "自定义代码块";
			productReference = B5F806FE216AE8EB00F90850 /* 自定义代码块 */;
			productType = "com.apple.product-type.tool";
		};
/* End PBXNativeTarget section */

/* Begin PBXProject section */
		B5F806F6216AE8EB00F90850 /* Project object */ = {
			isa = PBXProject;
			attributes = {
				LastUpgradeCheck = 0940;
				ORGANIZATIONNAME = kmom;
				TargetAttributes = {
					B5F806FD216AE8EB00F90850 = {
						CreatedOnToolsVersion = 9.4.1;
					};
				};
			};
			buildConfigurationList = B5F806F9216AE8EB00F90850 /* Build configuration list for PBXProject "自定义代码块" */;
			compatibilityVersion = "Xcode 9.3";
			developmentRegion = en;
			hasScannedForEncodings = 0;
			knownRegions = (
				en,
			);
			mainGroup = B5F806F5216AE8EB00F90850;
			productRefGroup = B5F806FF216AE8EB00F90850 /* Products */;
			projectDirPath = "";
			projectRoot = "";
			targets = (
				B5F806FD216AE8EB00F90850 /* 自定义代码块 */,
			);
		};
/* End PBXProject section */

/* Begin PBXSourcesBuildPhase section */
		B5F806FA216AE8EB00F90850 /* Sources */ = {
			isa = PBXSourcesBuildPhase;
			buildActionMask = 2147483647;
			files = (
				B5F80702216AE8EB00F90850 /* main.m in Sources */,
			);
			runOnlyForDeploymentPostprocessing = 0;
		};
/* End PBXSourcesBuildPhase section */

/* Begin XCBuildConfiguration section */
		B5F80703216AE8EB00F90850 /* Debug */ = {
			isa = XCBuildConfiguration;
			buildSettings = {
				ALWAYS_SEARCH_USER_PATHS = NO;
				CLANG_ANALYZER_NONNULL = YES;
				CLANG_ANALYZER_NUMBER_OBJECT_CONVERSION = YES_AGGRESSIVE;
				CLANG_CXX_LANGUAGE_STANDARD = "gnu++14";
				CLANG_CXX_LIBRARY = "libc++";
				CLANG_ENABLE_MODULES = YES;
				CLANG_ENABLE_OBJC_ARC = YES;
				CLANG_ENABLE_OBJC_WEAK = YES;
				CLANG_WARN_BLOCK_CAPTURE_AUTORELEASING = YES;
				CLANG_WARN_BOOL_CONVERSION = YES;
				CLANG_WARN_COMMA = YES;
				CLANG_WARN_CONSTANT_CONVERSION = YES;
				CLANG_WARN_DEPRECATED_OBJC_IMPLEMENTATIONS = YES;
				CLANG_WARN_DIRECT_OBJC_ISA_USAGE = YES_ERROR;
				CLANG_WARN_DOCUMENTATION_COMMENTS = YES;
				CLANG_WARN_EMPTY_BODY = YES;
				CLANG_WARN_ENUM_CONVERSION = YES;
				CLANG_WARN_INFINITE_RECURSION = YES;
				CLANG_WARN_INT_CONVERSION = YES;
				CLANG_WARN_NON_LITERAL_NULL_CONVERSION = YES;
				CLANG_WARN_OBJC_IMPLICIT_RETAIN_SELF = YES;
				CLANG_WARN_OBJC_LITERAL_CONVERSION = YES;
				CLANG_WARN_OBJC_ROOT_CLASS = YES_ERROR;
				CLANG_WARN_RANGE_LOOP_ANALYSIS = YES;
				CLANG_WARN_STRICT_PROTOTYPES = YES;
				CLANG_WARN_SUSPICIOUS_MOVE = YES;
				CLANG_WARN_UNGUARDED_AVAILABILITY = YES_AGGRESSIVE;
				CLANG_WARN_UNREACHABLE_CODE = YES;
				CLANG_WARN__DUPLICATE_METHOD_MATCH = YES;
				CODE_SIGN_IDENTITY = "-";
				COPY_PHASE_STRIP = NO;
				DEBUG_INFORMATION_FORMAT = dwarf;
				ENABLE_STRICT_OBJC_MSGSEND = YES;
				ENABLE_TESTABILITY = YES;
				GCC_C_LANGUAGE_STANDARD = gnu11;
				GCC_DYNAMIC_NO_PIC = NO;
				GCC_NO_COMMON_BLOCKS = YES;
				GCC_OPTIMIZATION_LEVEL = 0;
				GCC_PREPROCESSOR_DEFINITIONS = (
					"DEBUG=1",
					"$(inherited)",
				);
				GCC_WARN_64_TO_32_BIT_CONVERSION = YES;
				GCC_WARN_ABOUT_RETURN_TYPE = YES_ERROR;
				GCC_WARN_UNDECLARED_SELECTOR = YES;
				GCC_WARN_UNINITIALIZED_AUTOS = YES_AGGRESSIVE;
				GCC_WARN_UNUSED_FUNCTION = YES;
				GCC_WARN_UNUSED_VARIABLE = YES;
				MACOSX_DEPLOYMENT_TARGET = 10.13;
				MTL_ENABLE_DEBUG_INFO = YES;
				ONLY_ACTIVE_ARCH = YES;
				SDKROOT = macosx;
			};
			name = Debug;
		};
		B5F80704216AE8EB00F90850 /* Release */ = {
			isa = XCBuildConfiguration;
			buildSettings = {
				ALWAYS_SEARCH_USER_PATHS = NO;
				CLANG_ANALYZER_NONNULL = YES;
				CLANG_ANALYZER_NUMBER_OBJECT_CONVERSION = YES_AGGRESSIVE;
				CLANG_CXX_LANGUAGE_STANDARD = "gnu++14";
				CLANG_CXX_LIBRARY = "libc++";
				CLANG_ENABLE_MODULES = YES;
				CLANG_ENABLE_OBJC_ARC = YES;
				CLANG_ENABLE_OBJC_WEAK = YES;
				CLANG_WARN_BLOCK_CAPTURE_AUTORELEASING = YES;
				CLANG_WARN_BOOL_CONVERSION = YES;
				CLANG_WARN_COMMA = YES;
				CLANG_WARN_CONSTANT_CONVERSION = YES;
				CLANG_WARN_DEPRECATED_OBJC_IMPLEMENTATIONS = YES;
				CLANG_WARN_DIRECT_OBJC_ISA_USAGE = YES_ERROR;
				CLANG_WARN_DOCUMENTATION_COMMENTS = YES;
				CLANG_WARN_EMPTY_BODY = YES;
				CLANG_WARN_ENUM_CONVERSION = YES;
				CLANG_WARN_INFINITE_RECURSION = YES;
				CLANG_WARN_INT_CONVERSION = YES;
				CLANG_WARN_NON_LITERAL_NULL_CONVERSION = YES;
				CLANG_WARN_OBJC_IMPLICIT_RETAIN_SELF = YES;
				CLANG_WARN_OBJC_LITERAL_CONVERSION = YES;
				CLANG_WARN_OBJC_ROOT_CLASS = YES_ERROR;
				CLANG_WARN_RANGE_LOOP_ANALYSIS = YES;
				CLANG_WARN_STRICT_PROTOTYPES = YES;
				CLANG_WARN_SUSPICIOUS_MOVE = YES;
				CLANG_WARN_UNGUARDED_AVAILABILITY = YES_AGGRESSIVE;
				CLANG_WARN_UNREACHABLE_CODE = YES;
				CLANG_WARN__DUPLICATE_METHOD_MATCH = YES;
				CODE_SIGN_IDENTITY = "-";
				COPY_PHASE_STRIP = NO;
				DEBUG_INFORMATION_FORMAT = "dwarf-with-dsym";
				ENABLE_NS_ASSERTIONS = NO;
				ENABLE_STRICT_OBJC_MSGSEND = YES;
				GCC_C_LANGUAGE_STANDARD = gnu11;
				GCC_NO_COMMON_BLOCKS = YES;
				GCC_WARN_64_TO_32_BIT_CONVERSION = YES;
				GCC_WARN_ABOUT_RETURN_TYPE = YES_ERROR;
				GCC_WARN_UNDECLARED_SELECTOR = YES;
				GCC_WARN_UNINITIALIZED_AUTOS = YES_AGGRESSIVE;
				GCC_WARN_UNUSED_FUNCTION = YES;
				GCC_WARN_UNUSED_VARIABLE = YES;
				MACOSX_DEPLOYMENT_TARGET = 10.13;
				MTL_ENABLE_DEBUG_INFO = NO;
				SDKROOT = macosx;
			};
			name = Release;
		};
		B5F80706216AE8EB00F90850 /* Debug */ = {
			isa = XCBuildConfiguration;
			buildSettings = {
				CODE_SIGN_STYLE = Automatic;
				PRODUCT_NAME = "$(TARGET_NAME)";
			};
			name = Debug;
		};
		B5F80707216AE8EB00F90850 /* Release */ = {
			isa = XCBuildConfiguration;
			buildSettings = {
				CODE_SIGN_STYLE = Automatic;
				PRODUCT_NAME = "$(TARGET_NAME)";
			};
			name = Release;
		};
/* End XCBuildConfiguration section */

/* Begin XCConfigurationList section */
		B5F806F9216AE8EB00F90850 /* Build configuration list for PBXProject "自定义代码块" */ = {
			isa = XCConfigurationList;
			buildConfigurations = (
				B5F80703216AE8EB00F90850 /* Debug */,
				B5F80704216AE8EB00F90850 /* Release */,
			);
			defaultConfigurationIsVisible = 0;
			defaultConfigurationName = Release;
		};
		B5F80705216AE8EB00F90850 /* Build configuration list for PBXNativeTarget "自定义代码块" */ = {
			isa = XCConfigurationList;
			buildConfigurations = (
				B5F80706216AE8EB00F90850 /* Debug */,
				B5F80707216AE8EB00F90850 /* Release */,
			);
			defaultConfigurationIsVisible = 0;
			defaultConfigurationName = Release;
		};
/* End XCConfigurationList section */
	};
	rootObject = B5F806F6216AE8EB00F90850 /* Project object */;
}
